
Microsoft Visual Studio Solution File, Format Version 12.00
# Visual Studio Version 17
VisualStudioVersion = 17.4.33205.214
MinimumVisualStudioVersion = 10.0.40219.1
Project("{9A19103F-16F7-4668-BE54-9A1E7A4F7556}") = "DelegateFun", "DelegateFun\DelegateFun.csproj", "{C692BE57-43DE-4B81-9520-372C8AC9930F}"
EndProject
Project("{9A19103F-16F7-4668-BE54-9A1E7A4F7556}") = "Delegatess", "Delegatess\Delegatess.csproj", "{E9277CE7-7AA9-4FA6-AF72-0D22B2F58889}"
EndProject
Project("{FAE04EC0-301F-11D3-BF4B-00C04F79EFBC}") = "TestDelegate", "TestDelegate\TestDelegate.csproj", "{40AC176B-189B-45E0-B747-BC42399DEA50}"
EndProject
Global
	GlobalSection(SolutionConfigurationPlatforms) = preSolution
		Debug|Any CPU = Debug|Any CPU
		Release|Any CPU = Release|Any CPU
	EndGlobalSection
	GlobalSection(ProjectConfigurationPlatforms) = postSolution
		{C692BE57-43DE-4B81-9520-372C8AC9930F}.Debug|Any CPU.ActiveCfg = Debug|Any CPU
		{C692BE57-43DE-4B81-9520-372C8AC9930F}.Debug|Any CPU.Build.0 = Debug|Any CPU
		{C692BE57-43DE-4B81-9520-372C8AC9930F}.Release|Any CPU.ActiveCfg = Release|Any CPU
		{C692BE57-43DE-4B81-9520-372C8AC9930F}.Release|Any CPU.Build.0 = Release|Any CPU
		{E9277CE7-7AA9-4FA6-AF72-0D22B2F58889}.Debug|Any CPU.ActiveCfg = Debug|Any CPU
		{E9277CE7-7AA9-4FA6-AF72-0D22B2F58889}.Debug|Any CPU.Build.0 = Debug|Any CPU
		{E9277CE7-7AA9-4FA6-AF72-0D22B2F58889}.Release|Any CPU.ActiveCfg = Release|Any CPU
		{E9277CE7-7AA9-4FA6-AF72-0D22B2F58889}.Release|Any CPU.Build.0 = Release|Any CPU
		{40AC176B-189B-45E0-B747-BC42399DEA50}.Debug|Any CPU.ActiveCfg = Debug|Any CPU
		{40AC176B-189B-45E0-B747-BC42399DEA50}.Debug|Any CPU.Build.0 = Debug|Any CPU
		{40AC176B-189B-45E0-B747-BC42399DEA50}.Release|Any CPU.ActiveCfg = Release|Any CPU
		{40AC176B-189B-45E0-B747-BC42399DEA50}.Release|Any CPU.Build.0 = Release|Any CPU
	EndGlobalSection
	GlobalSection(SolutionProperties) = preSolution
		HideSolutionNode = FALSE
	EndGlobalSection
	GlobalSection(ExtensibilityGlobals) = postSolution
		SolutionGuid = {F56C76D5-2B0A-4538-851C-E19BE2BD793D}
	EndGlobalSection
EndGlobal
